{
  "name": "muffin",
  "version": "1.0.0",
  "lockfileVersion": 1,
  "requires": true,
  "dependencies": {
    "muff": {
      "version": "0.1.2",
      "resolved": "https://registry.npmjs.org/muff/-/muff-0.1.2.tgz",
      "integrity": "sha512-lEXOtZgN96hL2MN6bY3dTdQecY9kobrPuvbnpJFu3vfgT1NrpIKeOkVlDPIXl4vXbbYO7nk0rX59rTdKaWK5Jg==",
      "requires": {
        "muff-wasm": "~0.1.0"
      }
    },
    "muff-wasm": {
      "version": "0.1.0",
      "resolved": "https://registry.npmjs.org/muff-wasm/-/muff-wasm-0.1.0.tgz",
      "integrity": "sha512-UY7FtUs7O6smy171fKDuSFTeg9wzdVtj/k7Pxs4ljdMIMxMfgxFbsC/SP7F3rYBqpAyucYeP59sFfsIWHh4iGQ=="
    }
  }
}
